
Microsoft Visual Studio Solution File, Format Version 12.00
# Visual Studio Version 17
VisualStudioVersion = 17.6.33717.318
MinimumVisualStudioVersion = 10.0.40219.1
Project("{2150E333-8FDC-42A3-9474-1A3956D46DE8}") = "Shoping _M", "Shoping _M", "{68B4BFAF-062F-44BC-9BB4-9726CC839900}"
EndProject
Project("{2150E333-8FDC-42A3-9474-1A3956D46DE8}") = "M-Domin", "M-Domin", "{E2BE4CF3-54E7-43A1-A5AF-9A623B51BB17}"
EndProject
Project("{9A19103F-16F7-4668-BE54-9A1E7A4F7556}") = "0_Frimwork", "0_Frimwork\0_Frimwork.csproj", "{30C45CB1-ADBB-4F6A-BBF2-CB91F838924E}"
EndProject
Project("{2150E333-8FDC-42A3-9474-1A3956D46DE8}") = "M_Application", "M_Application", "{589A3D30-EB0D-4C78-A3F0-37E249371F50}"
EndProject
Project("{9A19103F-16F7-4668-BE54-9A1E7A4F7556}") = "Shop M  Applicaion _Cotexet", "Shop M  Applicaion _Cotexet\Shop M  Applicaion _Cotexet.csproj", "{69206858-BF65-40DB-9693-D173EE6B1697}"
EndProject
Project("{9A19103F-16F7-4668-BE54-9A1E7A4F7556}") = "Shop M_Application", "Shop M_Application\Shop M_Application.csproj", "{1FEDC917-75FB-4778-BB63-4E1DA916E2FB}"
EndProject
Project("{9A19103F-16F7-4668-BE54-9A1E7A4F7556}") = "SHop  m Domin", "SHop  m Domin\SHop  m Domin.csproj", "{95603A44-5F39-4C07-9611-35E116DD84D9}"
EndProject
Project("{2150E333-8FDC-42A3-9474-1A3956D46DE8}") = "M_infrasutacher", "M_infrasutacher", "{759BFB16-4B60-4091-92B3-0FFCE65E40F0}"
EndProject
Project("{9A19103F-16F7-4668-BE54-9A1E7A4F7556}") = "Shop _M_infrasutacherEFCore", "Shop _M_infrasutacher\Shop _M_infrasutacherEFCore.csproj", "{B57E204A-BD3B-46B9-B9A1-B6A13D8CF7D3}"
EndProject
Project("{9A19103F-16F7-4668-BE54-9A1E7A4F7556}") = "Shop_ M_ConFigoriton", "Shop_ M_ConFigoriton\Shop_ M_ConFigoriton.csproj", "{D35500DB-BF51-41CF-B23E-D566E174F665}"
EndProject
Project("{9A19103F-16F7-4668-BE54-9A1E7A4F7556}") = "ServiesHost", "ServiesHost\ServiesHost.csproj", "{6E0CE65B-0EC6-4906-AB78-E204C0FD6404}"
EndProject
Project("{9A19103F-16F7-4668-BE54-9A1E7A4F7556}") = "01-LampQuery", "01-LampQuery\01-LampQuery.csproj", "{7AE1EFB3-5015-4581-8E25-F67A342E99A0}"
EndProject
Project("{2150E333-8FDC-42A3-9474-1A3956D46DE8}") = "Discunt_M", "Discunt_M", "{D3A71552-5FFD-445B-B261-0B0937E757ED}"
EndProject
Project("{2150E333-8FDC-42A3-9474-1A3956D46DE8}") = "D_Domin", "D_Domin", "{B2CF2E64-8A5D-4DAB-A7C4-334A4713EE84}"
EndProject
Project("{9A19103F-16F7-4668-BE54-9A1E7A4F7556}") = "DicuntM_Domin", "DicuntM_Domin\DicuntM_Domin.csproj", "{90F04562-5251-4716-AF99-93E9918EB89B}"
EndProject
Project("{2150E333-8FDC-42A3-9474-1A3956D46DE8}") = "D_Application", "D_Application", "{BAEA5021-567B-4092-A4B6-4CF3EB2EAED9}"
EndProject
Project("{9A19103F-16F7-4668-BE54-9A1E7A4F7556}") = "Discunt Application_Coteract", "Discunt Application_Coteract\Discunt Application_Coteract.csproj", "{C58657CD-4A88-4C78-B8E6-E8CED50492BE}"
EndProject
Project("{9A19103F-16F7-4668-BE54-9A1E7A4F7556}") = "DisCuntApplicaton", "DisCuntApplicaton\DisCuntApplicaton.csproj", "{1608336A-628A-4690-B042-A8CB7C6F9B7D}"
EndProject
Project("{2150E333-8FDC-42A3-9474-1A3956D46DE8}") = "D-infarstuccher", "D-infarstuccher", "{4C449817-C448-4CA8-8C45-F208791810A5}"
EndProject
Project("{9A19103F-16F7-4668-BE54-9A1E7A4F7556}") = "Discontinfarstuacher", "Discontinfarstuacher\Discontinfarstuacher.csproj", "{6EC86F7B-563A-4496-BC81-12BFC2AFEFDA}"
EndProject
Project("{9A19103F-16F7-4668-BE54-9A1E7A4F7556}") = "DisCunt.Configration", "DisCunt.Configration\DisCunt.Configration.csproj", "{C03568B4-5E33-43BB-86BD-D3926FEF5702}"
EndProject
Project("{2150E333-8FDC-42A3-9474-1A3956D46DE8}") = "Invantory_M", "Invantory_M", "{7AAE23C1-80FC-477C-AD17-BD92D12EC0AD}"
EndProject
Project("{2150E333-8FDC-42A3-9474-1A3956D46DE8}") = "M_Domin", "M_Domin", "{EEB0FAD0-C8D2-46D8-8A6A-4C954DA702A7}"
EndProject
Project("{9A19103F-16F7-4668-BE54-9A1E7A4F7556}") = "invantoriy.Domin", "invantoriy.Domin\invantoriy.Domin.csproj", "{CAF37011-CE9A-449F-AC2C-7EF125858F88}"
EndProject
Project("{2150E333-8FDC-42A3-9474-1A3956D46DE8}") = "M_Application", "M_Application", "{CF6C9604-273E-4748-BCBB-725D0C96432B}"
EndProject
Project("{FAE04EC0-301F-11D3-BF4B-00C04F79EFBC}") = "Invantoriy.Application.Conterxt", "Invantoriy.Application.Conterxt\Invantoriy.Application.Conterxt.csproj", "{8B58A8CF-D181-4426-AB23-0B1E15D00F60}"
EndProject
Global
	GlobalSection(SolutionConfigurationPlatforms) = preSolution
		Debug|Any CPU = Debug|Any CPU
		Release|Any CPU = Release|Any CPU
	EndGlobalSection
	GlobalSection(ProjectConfigurationPlatforms) = postSolution
		{30C45CB1-ADBB-4F6A-BBF2-CB91F838924E}.Debug|Any CPU.ActiveCfg = Debug|Any CPU
		{30C45CB1-ADBB-4F6A-BBF2-CB91F838924E}.Debug|Any CPU.Build.0 = Debug|Any CPU
		{30C45CB1-ADBB-4F6A-BBF2-CB91F838924E}.Release|Any CPU.ActiveCfg = Release|Any CPU
		{30C45CB1-ADBB-4F6A-BBF2-CB91F838924E}.Release|Any CPU.Build.0 = Release|Any CPU
		{69206858-BF65-40DB-9693-D173EE6B1697}.Debug|Any CPU.ActiveCfg = Debug|Any CPU
		{69206858-BF65-40DB-9693-D173EE6B1697}.Debug|Any CPU.Build.0 = Debug|Any CPU
		{69206858-BF65-40DB-9693-D173EE6B1697}.Release|Any CPU.ActiveCfg = Release|Any CPU
		{69206858-BF65-40DB-9693-D173EE6B1697}.Release|Any CPU.Build.0 = Release|Any CPU
		{1FEDC917-75FB-4778-BB63-4E1DA916E2FB}.Debug|Any CPU.ActiveCfg = Debug|Any CPU
		{1FEDC917-75FB-4778-BB63-4E1DA916E2FB}.Debug|Any CPU.Build.0 = Debug|Any CPU
		{1FEDC917-75FB-4778-BB63-4E1DA916E2FB}.Release|Any CPU.ActiveCfg = Release|Any CPU
		{1FEDC917-75FB-4778-BB63-4E1DA916E2FB}.Release|Any CPU.Build.0 = Release|Any CPU
		{95603A44-5F39-4C07-9611-35E116DD84D9}.Debug|Any CPU.ActiveCfg = Debug|Any CPU
		{95603A44-5F39-4C07-9611-35E116DD84D9}.Debug|Any CPU.Build.0 = Debug|Any CPU
		{95603A44-5F39-4C07-9611-35E116DD84D9}.Release|Any CPU.ActiveCfg = Release|Any CPU
		{95603A44-5F39-4C07-9611-35E116DD84D9}.Release|Any CPU.Build.0 = Release|Any CPU
		{B57E204A-BD3B-46B9-B9A1-B6A13D8CF7D3}.Debug|Any CPU.ActiveCfg = Debug|Any CPU
		{B57E204A-BD3B-46B9-B9A1-B6A13D8CF7D3}.Debug|Any CPU.Build.0 = Debug|Any CPU
		{B57E204A-BD3B-46B9-B9A1-B6A13D8CF7D3}.Release|Any CPU.ActiveCfg = Release|Any CPU
		{B57E204A-BD3B-46B9-B9A1-B6A13D8CF7D3}.Release|Any CPU.Build.0 = Release|Any CPU
		{D35500DB-BF51-41CF-B23E-D566E174F665}.Debug|Any CPU.ActiveCfg = Debug|Any CPU
		{D35500DB-BF51-41CF-B23E-D566E174F665}.Debug|Any CPU.Build.0 = Debug|Any CPU
		{D35500DB-BF51-41CF-B23E-D566E174F665}.Release|Any CPU.ActiveCfg = Release|Any CPU
		{D35500DB-BF51-41CF-B23E-D566E174F665}.Release|Any CPU.Build.0 = Release|Any CPU
		{6E0CE65B-0EC6-4906-AB78-E204C0FD6404}.Debug|Any CPU.ActiveCfg = Debug|Any CPU
		{6E0CE65B-0EC6-4906-AB78-E204C0FD6404}.Debug|Any CPU.Build.0 = Debug|Any CPU
		{6E0CE65B-0EC6-4906-AB78-E204C0FD6404}.Release|Any CPU.ActiveCfg = Release|Any CPU
		{6E0CE65B-0EC6-4906-AB78-E204C0FD6404}.Release|Any CPU.Build.0 = Release|Any CPU
		{7AE1EFB3-5015-4581-8E25-F67A342E99A0}.Debug|Any CPU.ActiveCfg = Debug|Any CPU
		{7AE1EFB3-5015-4581-8E25-F67A342E99A0}.Debug|Any CPU.Build.0 = Debug|Any CPU
		{7AE1EFB3-5015-4581-8E25-F67A342E99A0}.Release|Any CPU.ActiveCfg = Release|Any CPU
		{7AE1EFB3-5015-4581-8E25-F67A342E99A0}.Release|Any CPU.Build.0 = Release|Any CPU
		{90F04562-5251-4716-AF99-93E9918EB89B}.Debug|Any CPU.ActiveCfg = Debug|Any CPU
		{90F04562-5251-4716-AF99-93E9918EB89B}.Debug|Any CPU.Build.0 = Debug|Any CPU
		{90F04562-5251-4716-AF99-93E9918EB89B}.Release|Any CPU.ActiveCfg = Release|Any CPU
		{90F04562-5251-4716-AF99-93E9918EB89B}.Release|Any CPU.Build.0 = Release|Any CPU
		{C58657CD-4A88-4C78-B8E6-E8CED50492BE}.Debug|Any CPU.ActiveCfg = Debug|Any CPU
		{C58657CD-4A88-4C78-B8E6-E8CED50492BE}.Debug|Any CPU.Build.0 = Debug|Any CPU
		{C58657CD-4A88-4C78-B8E6-E8CED50492BE}.Release|Any CPU.ActiveCfg = Release|Any CPU
		{C58657CD-4A88-4C78-B8E6-E8CED50492BE}.Release|Any CPU.Build.0 = Release|Any CPU
		{1608336A-628A-4690-B042-A8CB7C6F9B7D}.Debug|Any CPU.ActiveCfg = Debug|Any CPU
		{1608336A-628A-4690-B042-A8CB7C6F9B7D}.Debug|Any CPU.Build.0 = Debug|Any CPU
		{1608336A-628A-4690-B042-A8CB7C6F9B7D}.Release|Any CPU.ActiveCfg = Release|Any CPU
		{1608336A-628A-4690-B042-A8CB7C6F9B7D}.Release|Any CPU.Build.0 = Release|Any CPU
		{6EC86F7B-563A-4496-BC81-12BFC2AFEFDA}.Debug|Any CPU.ActiveCfg = Debug|Any CPU
		{6EC86F7B-563A-4496-BC81-12BFC2AFEFDA}.Debug|Any CPU.Build.0 = Debug|Any CPU
		{6EC86F7B-563A-4496-BC81-12BFC2AFEFDA}.Release|Any CPU.ActiveCfg = Release|Any CPU
		{6EC86F7B-563A-4496-BC81-12BFC2AFEFDA}.Release|Any CPU.Build.0 = Release|Any CPU
		{C03568B4-5E33-43BB-86BD-D3926FEF5702}.Debug|Any CPU.ActiveCfg = Debug|Any CPU
		{C03568B4-5E33-43BB-86BD-D3926FEF5702}.Debug|Any CPU.Build.0 = Debug|Any CPU
		{C03568B4-5E33-43BB-86BD-D3926FEF5702}.Release|Any CPU.ActiveCfg = Release|Any CPU
		{C03568B4-5E33-43BB-86BD-D3926FEF5702}.Release|Any CPU.Build.0 = Release|Any CPU
		{CAF37011-CE9A-449F-AC2C-7EF125858F88}.Debug|Any CPU.ActiveCfg = Debug|Any CPU
		{CAF37011-CE9A-449F-AC2C-7EF125858F88}.Debug|Any CPU.Build.0 = Debug|Any CPU
		{CAF37011-CE9A-449F-AC2C-7EF125858F88}.Release|Any CPU.ActiveCfg = Release|Any CPU
		{CAF37011-CE9A-449F-AC2C-7EF125858F88}.Release|Any CPU.Build.0 = Release|Any CPU
		{8B58A8CF-D181-4426-AB23-0B1E15D00F60}.Debug|Any CPU.ActiveCfg = Debug|Any CPU
		{8B58A8CF-D181-4426-AB23-0B1E15D00F60}.Debug|Any CPU.Build.0 = Debug|Any CPU
		{8B58A8CF-D181-4426-AB23-0B1E15D00F60}.Release|Any CPU.ActiveCfg = Release|Any CPU
		{8B58A8CF-D181-4426-AB23-0B1E15D00F60}.Release|Any CPU.Build.0 = Release|Any CPU
	EndGlobalSection
	GlobalSection(SolutionProperties) = preSolution
		HideSolutionNode = FALSE
	EndGlobalSection
	GlobalSection(NestedProjects) = preSolution
		{E2BE4CF3-54E7-43A1-A5AF-9A623B51BB17} = {68B4BFAF-062F-44BC-9BB4-9726CC839900}
		{589A3D30-EB0D-4C78-A3F0-37E249371F50} = {68B4BFAF-062F-44BC-9BB4-9726CC839900}
		{69206858-BF65-40DB-9693-D173EE6B1697} = {589A3D30-EB0D-4C78-A3F0-37E249371F50}
		{1FEDC917-75FB-4778-BB63-4E1DA916E2FB} = {589A3D30-EB0D-4C78-A3F0-37E249371F50}
		{95603A44-5F39-4C07-9611-35E116DD84D9} = {E2BE4CF3-54E7-43A1-A5AF-9A623B51BB17}
		{759BFB16-4B60-4091-92B3-0FFCE65E40F0} = {68B4BFAF-062F-44BC-9BB4-9726CC839900}
		{B57E204A-BD3B-46B9-B9A1-B6A13D8CF7D3} = {759BFB16-4B60-4091-92B3-0FFCE65E40F0}
		{D35500DB-BF51-41CF-B23E-D566E174F665} = {759BFB16-4B60-4091-92B3-0FFCE65E40F0}
		{B2CF2E64-8A5D-4DAB-A7C4-334A4713EE84} = {D3A71552-5FFD-445B-B261-0B0937E757ED}
		{90F04562-5251-4716-AF99-93E9918EB89B} = {B2CF2E64-8A5D-4DAB-A7C4-334A4713EE84}
		{BAEA5021-567B-4092-A4B6-4CF3EB2EAED9} = {D3A71552-5FFD-445B-B261-0B0937E757ED}
		{C58657CD-4A88-4C78-B8E6-E8CED50492BE} = {BAEA5021-567B-4092-A4B6-4CF3EB2EAED9}
		{1608336A-628A-4690-B042-A8CB7C6F9B7D} = {BAEA5021-567B-4092-A4B6-4CF3EB2EAED9}
		{4C449817-C448-4CA8-8C45-F208791810A5} = {D3A71552-5FFD-445B-B261-0B0937E757ED}
		{6EC86F7B-563A-4496-BC81-12BFC2AFEFDA} = {4C449817-C448-4CA8-8C45-F208791810A5}
		{C03568B4-5E33-43BB-86BD-D3926FEF5702} = {4C449817-C448-4CA8-8C45-F208791810A5}
		{EEB0FAD0-C8D2-46D8-8A6A-4C954DA702A7} = {7AAE23C1-80FC-477C-AD17-BD92D12EC0AD}
		{CAF37011-CE9A-449F-AC2C-7EF125858F88} = {EEB0FAD0-C8D2-46D8-8A6A-4C954DA702A7}
		{CF6C9604-273E-4748-BCBB-725D0C96432B} = {7AAE23C1-80FC-477C-AD17-BD92D12EC0AD}
		{8B58A8CF-D181-4426-AB23-0B1E15D00F60} = {CF6C9604-273E-4748-BCBB-725D0C96432B}
	EndGlobalSection
	GlobalSection(ExtensibilityGlobals) = postSolution
		SolutionGuid = {CDF552AF-AAE3-4C41-8410-96595A4374F7}
	EndGlobalSection
EndGlobal
